
Microsoft Visual Studio Solution File, Format Version 12.00
# Visual Studio Version 17
VisualStudioVersion = 17.4.33122.133
MinimumVisualStudioVersion = 10.0.40219.1
Project("{9A19103F-16F7-4668-BE54-9A1E7A4F7556}") = "AdventOfCode-2021", "AdventOfCode-2021\AdventOfCode-2021.csproj", "{0D817DFB-70D9-4A9D-BD13-633A20A4C43F}"
EndProject
Project("{FAE04EC0-301F-11D3-BF4B-00C04F79EFBC}") = "AdventOfCode-2022", "AdventOfCode-2022\AdventOfCode-2022.csproj", "{2A962B1E-8729-40CC-9124-B79E0DA1CC98}"
EndProject
Project("{FAE04EC0-301F-11D3-BF4B-00C04F79EFBC}") = "AdventOfCode-Helper", "AdventOfCode-Helper\AdventOfCode-Helper.csproj", "{2325D3FC-D727-4822-9C68-23849531AC88}"
EndProject
Global
	GlobalSection(SolutionConfigurationPlatforms) = preSolution
		Debug|Any CPU = Debug|Any CPU
		Release|Any CPU = Release|Any CPU
	EndGlobalSection
	GlobalSection(ProjectConfigurationPlatforms) = postSolution
		{0D817DFB-70D9-4A9D-BD13-633A20A4C43F}.Debug|Any CPU.ActiveCfg = Debug|Any CPU
		{0D817DFB-70D9-4A9D-BD13-633A20A4C43F}.Debug|Any CPU.Build.0 = Debug|Any CPU
		{0D817DFB-70D9-4A9D-BD13-633A20A4C43F}.Release|Any CPU.ActiveCfg = Release|Any CPU
		{0D817DFB-70D9-4A9D-BD13-633A20A4C43F}.Release|Any CPU.Build.0 = Release|Any CPU
		{2A962B1E-8729-40CC-9124-B79E0DA1CC98}.Debug|Any CPU.ActiveCfg = Debug|Any CPU
		{2A962B1E-8729-40CC-9124-B79E0DA1CC98}.Debug|Any CPU.Build.0 = Debug|Any CPU
		{2A962B1E-8729-40CC-9124-B79E0DA1CC98}.Release|Any CPU.ActiveCfg = Release|Any CPU
		{2A962B1E-8729-40CC-9124-B79E0DA1CC98}.Release|Any CPU.Build.0 = Release|Any CPU
		{2325D3FC-D727-4822-9C68-23849531AC88}.Debug|Any CPU.ActiveCfg = Debug|Any CPU
		{2325D3FC-D727-4822-9C68-23849531AC88}.Debug|Any CPU.Build.0 = Debug|Any CPU
		{2325D3FC-D727-4822-9C68-23849531AC88}.Release|Any CPU.ActiveCfg = Release|Any CPU
		{2325D3FC-D727-4822-9C68-23849531AC88}.Release|Any CPU.Build.0 = Release|Any CPU
	EndGlobalSection
	GlobalSection(SolutionProperties) = preSolution
		HideSolutionNode = FALSE
	EndGlobalSection
	GlobalSection(ExtensibilityGlobals) = postSolution
		SolutionGuid = {1DF09FBD-BEC8-4AC0-B455-7AF380B96B1A}
	EndGlobalSection
EndGlobal
